{
  "name": "business_analysis_game",
  "version": "1.0.0",
  "lockfileVersion": 1,
  "requires": true,
  "dependencies": {
    "lin-ui": {
      "version": "0.9.9",
      "resolved": "https://registry.npmmirror.com/lin-ui/-/lin-ui-0.9.9.tgz",
      "integrity": "sha512-T2s9UHJls+v9Um413wTiepUmtt5333eA/tFCz+djrMFC8eijqwt8JRePlZSebY4JXniUOT3rrBWre8aYJAEV0g=="
    }
  }
}
